
Microsoft Visual Studio Solution File, Format Version 12.00
# Visual Studio Version 16
VisualStudioVersion = 16.0.29215.179
MinimumVisualStudioVersion = 10.0.40219.1
Project("{FAE04EC0-301F-11D3-BF4B-00C04F79EFBC}") = "FormParcial", "FormParcial\FormParcial.csproj", "{68AA81CE-6071-4409-B944-87DB4BD58F40}"
EndProject
Project("{FAE04EC0-301F-11D3-BF4B-00C04F79EFBC}") = "Entidades", "Entidades\Entidades.csproj", "{38E19808-D993-4583-AA1B-12F91B91CC9C}"
EndProject
Global
	GlobalSection(SolutionConfigurationPlatforms) = preSolution
		Debug|Any CPU = Debug|Any CPU
		Release|Any CPU = Release|Any CPU
	EndGlobalSection
	GlobalSection(ProjectConfigurationPlatforms) = postSolution
		{68AA81CE-6071-4409-B944-87DB4BD58F40}.Debug|Any CPU.ActiveCfg = Debug|Any CPU
		{68AA81CE-6071-4409-B944-87DB4BD58F40}.Debug|Any CPU.Build.0 = Debug|Any CPU
		{68AA81CE-6071-4409-B944-87DB4BD58F40}.Release|Any CPU.ActiveCfg = Release|Any CPU
		{68AA81CE-6071-4409-B944-87DB4BD58F40}.Release|Any CPU.Build.0 = Release|Any CPU
		{38E19808-D993-4583-AA1B-12F91B91CC9C}.Debug|Any CPU.ActiveCfg = Debug|Any CPU
		{38E19808-D993-4583-AA1B-12F91B91CC9C}.Debug|Any CPU.Build.0 = Debug|Any CPU
		{38E19808-D993-4583-AA1B-12F91B91CC9C}.Release|Any CPU.ActiveCfg = Release|Any CPU
		{38E19808-D993-4583-AA1B-12F91B91CC9C}.Release|Any CPU.Build.0 = Release|Any CPU
	EndGlobalSection
	GlobalSection(SolutionProperties) = preSolution
		HideSolutionNode = FALSE
	EndGlobalSection
	GlobalSection(ExtensibilityGlobals) = postSolution
		SolutionGuid = {7D0AF14E-8533-4FF7-A9C6-411C9397037E}
	EndGlobalSection
EndGlobal
