
Microsoft Visual Studio Solution File, Format Version 12.00
# Visual Studio 15
VisualStudioVersion = 15.0.27703.2047
MinimumVisualStudioVersion = 10.0.40219.1
Project("{FAE04EC0-301F-11D3-BF4B-00C04F79EFBC}") = "CentralTelefonica", "CentralitaHerencia\CentralTelefonica.csproj", "{41778214-6E3A-4E30-B48D-C01717777EC8}"
EndProject
Project("{FAE04EC0-301F-11D3-BF4B-00C04F79EFBC}") = "CentralitaHerencia", "Centralita\CentralitaHerencia.csproj", "{8EE322F1-640A-41C3-B4F0-3CC8C68E4A1A}"
EndProject
Global
	GlobalSection(SolutionConfigurationPlatforms) = preSolution
		Debug|Any CPU = Debug|Any CPU
		Release|Any CPU = Release|Any CPU
	EndGlobalSection
	GlobalSection(ProjectConfigurationPlatforms) = postSolution
		{41778214-6E3A-4E30-B48D-C01717777EC8}.Debug|Any CPU.ActiveCfg = Debug|Any CPU
		{41778214-6E3A-4E30-B48D-C01717777EC8}.Debug|Any CPU.Build.0 = Debug|Any CPU
		{41778214-6E3A-4E30-B48D-C01717777EC8}.Release|Any CPU.ActiveCfg = Release|Any CPU
		{41778214-6E3A-4E30-B48D-C01717777EC8}.Release|Any CPU.Build.0 = Release|Any CPU
		{8EE322F1-640A-41C3-B4F0-3CC8C68E4A1A}.Debug|Any CPU.ActiveCfg = Debug|Any CPU
		{8EE322F1-640A-41C3-B4F0-3CC8C68E4A1A}.Debug|Any CPU.Build.0 = Debug|Any CPU
		{8EE322F1-640A-41C3-B4F0-3CC8C68E4A1A}.Release|Any CPU.ActiveCfg = Release|Any CPU
		{8EE322F1-640A-41C3-B4F0-3CC8C68E4A1A}.Release|Any CPU.Build.0 = Release|Any CPU
	EndGlobalSection
	GlobalSection(SolutionProperties) = preSolution
		HideSolutionNode = FALSE
	EndGlobalSection
	GlobalSection(ExtensibilityGlobals) = postSolution
		SolutionGuid = {1A65E906-A83D-4D83-A8A1-1F4D481DC86D}
	EndGlobalSection
EndGlobal
