
Microsoft Visual Studio Solution File, Format Version 12.00
# Visual Studio 15
VisualStudioVersion = 15.0.27703.2047
MinimumVisualStudioVersion = 10.0.40219.1
Project("{FAE04EC0-301F-11D3-BF4B-00C04F79EFBC}") = "Vista Consola", "Vista Consola\Vista Consola.csproj", "{C0B694DD-2AF6-4F49-B3B5-8705D1A9C804}"
EndProject
Project("{FAE04EC0-301F-11D3-BF4B-00C04F79EFBC}") = "Entidades", "Entidades\Entidades.csproj", "{924C6157-0B6F-42B2-94C6-DB1A328C0D3F}"
EndProject
Project("{FAE04EC0-301F-11D3-BF4B-00C04F79EFBC}") = "VistaForm", "VistaForm\VistaForm.csproj", "{9F297C06-5934-41AC-BDEA-196C79B994C7}"
EndProject
Global
	GlobalSection(SolutionConfigurationPlatforms) = preSolution
		Debug|Any CPU = Debug|Any CPU
		Release|Any CPU = Release|Any CPU
	EndGlobalSection
	GlobalSection(ProjectConfigurationPlatforms) = postSolution
		{C0B694DD-2AF6-4F49-B3B5-8705D1A9C804}.Debug|Any CPU.ActiveCfg = Debug|Any CPU
		{C0B694DD-2AF6-4F49-B3B5-8705D1A9C804}.Debug|Any CPU.Build.0 = Debug|Any CPU
		{C0B694DD-2AF6-4F49-B3B5-8705D1A9C804}.Release|Any CPU.ActiveCfg = Release|Any CPU
		{C0B694DD-2AF6-4F49-B3B5-8705D1A9C804}.Release|Any CPU.Build.0 = Release|Any CPU
		{924C6157-0B6F-42B2-94C6-DB1A328C0D3F}.Debug|Any CPU.ActiveCfg = Debug|Any CPU
		{924C6157-0B6F-42B2-94C6-DB1A328C0D3F}.Debug|Any CPU.Build.0 = Debug|Any CPU
		{924C6157-0B6F-42B2-94C6-DB1A328C0D3F}.Release|Any CPU.ActiveCfg = Release|Any CPU
		{924C6157-0B6F-42B2-94C6-DB1A328C0D3F}.Release|Any CPU.Build.0 = Release|Any CPU
		{9F297C06-5934-41AC-BDEA-196C79B994C7}.Debug|Any CPU.ActiveCfg = Debug|Any CPU
		{9F297C06-5934-41AC-BDEA-196C79B994C7}.Debug|Any CPU.Build.0 = Debug|Any CPU
		{9F297C06-5934-41AC-BDEA-196C79B994C7}.Release|Any CPU.ActiveCfg = Release|Any CPU
		{9F297C06-5934-41AC-BDEA-196C79B994C7}.Release|Any CPU.Build.0 = Release|Any CPU
	EndGlobalSection
	GlobalSection(SolutionProperties) = preSolution
		HideSolutionNode = FALSE
	EndGlobalSection
	GlobalSection(ExtensibilityGlobals) = postSolution
		SolutionGuid = {9289372A-A027-4E8F-91A1-6D961C13A012}
	EndGlobalSection
EndGlobal
